
Microsoft Visual Studio Solution File, Format Version 12.00
# Visual Studio Version 16
VisualStudioVersion = 16.0.808.4
MinimumVisualStudioVersion = 10.0.40219.1
Project("{FAE04EC0-301F-11D3-BF4B-00C04F79EFBC}") = "cmpe-363", "cmpe-363\cmpe-363.csproj", "{40D1B074-5CEE-4DDA-83FC-C3451D12EA19}"
EndProject
Global
	GlobalSection(SolutionConfigurationPlatforms) = preSolution
		Debug|Any CPU = Debug|Any CPU
		Release|Any CPU = Release|Any CPU
	EndGlobalSection
	GlobalSection(ProjectConfigurationPlatforms) = postSolution
		{40D1B074-5CEE-4DDA-83FC-C3451D12EA19}.Debug|Any CPU.ActiveCfg = Debug|Any CPU
		{40D1B074-5CEE-4DDA-83FC-C3451D12EA19}.Debug|Any CPU.Build.0 = Debug|Any CPU
		{40D1B074-5CEE-4DDA-83FC-C3451D12EA19}.Release|Any CPU.ActiveCfg = Release|Any CPU
		{40D1B074-5CEE-4DDA-83FC-C3451D12EA19}.Release|Any CPU.Build.0 = Release|Any CPU
	EndGlobalSection
	GlobalSection(SolutionProperties) = preSolution
		HideSolutionNode = FALSE
	EndGlobalSection
	GlobalSection(ExtensibilityGlobals) = postSolution
		SolutionGuid = {3D7FD1F2-4D3E-40EA-8A84-E420B2D6C860}
	EndGlobalSection
EndGlobal
